
Microsoft Visual Studio Solution File, Format Version 12.00
# Visual Studio 2013
VisualStudioVersion = 12.0.30723.0
MinimumVisualStudioVersion = 10.0.40219.1
Project("{FAE04EC0-301F-11D3-BF4B-00C04F79EFBC}") = "AutoMapper.Unity", "Sources\AutoMapper.Unity\AutoMapper.Unity.csproj", "{DAB3C199-51D9-4743-9C0A-2AF4413B0A75}"
EndProject
Project("{FAE04EC0-301F-11D3-BF4B-00C04F79EFBC}") = "AutoMapper.Unity.Tests", "AutoMapper.Unity.Tests\AutoMapper.Unity.Tests.csproj", "{93185834-5F62-479D-A214-5AEB382DBE41}"
EndProject
Global
	GlobalSection(SolutionConfigurationPlatforms) = preSolution
		Debug|Any CPU = Debug|Any CPU
		Release|Any CPU = Release|Any CPU
	EndGlobalSection
	GlobalSection(ProjectConfigurationPlatforms) = postSolution
		{DAB3C199-51D9-4743-9C0A-2AF4413B0A75}.Debug|Any CPU.ActiveCfg = Debug|Any CPU
		{DAB3C199-51D9-4743-9C0A-2AF4413B0A75}.Debug|Any CPU.Build.0 = Debug|Any CPU
		{DAB3C199-51D9-4743-9C0A-2AF4413B0A75}.Release|Any CPU.ActiveCfg = Release|Any CPU
		{DAB3C199-51D9-4743-9C0A-2AF4413B0A75}.Release|Any CPU.Build.0 = Release|Any CPU
		{93185834-5F62-479D-A214-5AEB382DBE41}.Debug|Any CPU.ActiveCfg = Debug|Any CPU
		{93185834-5F62-479D-A214-5AEB382DBE41}.Debug|Any CPU.Build.0 = Debug|Any CPU
		{93185834-5F62-479D-A214-5AEB382DBE41}.Release|Any CPU.ActiveCfg = Release|Any CPU
		{93185834-5F62-479D-A214-5AEB382DBE41}.Release|Any CPU.Build.0 = Release|Any CPU
	EndGlobalSection
	GlobalSection(SolutionProperties) = preSolution
		HideSolutionNode = FALSE
	EndGlobalSection
EndGlobal
